
Microsoft Visual Studio Solution File, Format Version 12.00
# Visual Studio Version 17
VisualStudioVersion = 17.4.33103.184
MinimumVisualStudioVersion = 10.0.40219.1
Project("{FAE04EC0-301F-11D3-BF4B-00C04F79EFBC}") = "WpfCControlsAdvansApp", "WpfCControlsAdvansApp\WpfCControlsAdvansApp.csproj", "{16DDBD58-3C7F-4FBB-A020-5F8036F7845F}"
EndProject
Global
	GlobalSection(SolutionConfigurationPlatforms) = preSolution
		Debug|Any CPU = Debug|Any CPU
		Release|Any CPU = Release|Any CPU
	EndGlobalSection
	GlobalSection(ProjectConfigurationPlatforms) = postSolution
		{16DDBD58-3C7F-4FBB-A020-5F8036F7845F}.Debug|Any CPU.ActiveCfg = Debug|Any CPU
		{16DDBD58-3C7F-4FBB-A020-5F8036F7845F}.Debug|Any CPU.Build.0 = Debug|Any CPU
		{16DDBD58-3C7F-4FBB-A020-5F8036F7845F}.Release|Any CPU.ActiveCfg = Release|Any CPU
		{16DDBD58-3C7F-4FBB-A020-5F8036F7845F}.Release|Any CPU.Build.0 = Release|Any CPU
	EndGlobalSection
	GlobalSection(SolutionProperties) = preSolution
		HideSolutionNode = FALSE
	EndGlobalSection
	GlobalSection(ExtensibilityGlobals) = postSolution
		SolutionGuid = {F8AF552B-A0F7-434E-8918-C5A1E98561A9}
	EndGlobalSection
EndGlobal
